
Microsoft Visual Studio Solution File, Format Version 11.00
# Visual Studio 2010
Project("{FAE04EC0-301F-11D3-BF4B-00C04F79EFBC}") = "Assembly-CSharp", "Assembly-CSharp.csproj", "{3C6C86F3-A60C-EF3C-A0C5-054D0168CAFE}"
EndProject
Project("{FAE04EC0-301F-11D3-BF4B-00C04F79EFBC}") = "Assembly-CSharp-Editor", "Assembly-CSharp-Editor.csproj", "{3CD49134-B28F-5F05-E7A9-E20F4DFEBD99}"
EndProject
Global
	GlobalSection(SolutionConfigurationPlatforms) = preSolution
		Debug|Any CPU = Debug|Any CPU
		Release|Any CPU = Release|Any CPU
	EndGlobalSection
	GlobalSection(ProjectConfigurationPlatforms) = postSolution
		{3C6C86F3-A60C-EF3C-A0C5-054D0168CAFE}.Debug|Any CPU.ActiveCfg = Debug|Any CPU
		{3C6C86F3-A60C-EF3C-A0C5-054D0168CAFE}.Debug|Any CPU.Build.0 = Debug|Any CPU
		{3C6C86F3-A60C-EF3C-A0C5-054D0168CAFE}.Release|Any CPU.ActiveCfg = Release|Any CPU
		{3C6C86F3-A60C-EF3C-A0C5-054D0168CAFE}.Release|Any CPU.Build.0 = Release|Any CPU
		{3CD49134-B28F-5F05-E7A9-E20F4DFEBD99}.Debug|Any CPU.ActiveCfg = Debug|Any CPU
		{3CD49134-B28F-5F05-E7A9-E20F4DFEBD99}.Debug|Any CPU.Build.0 = Debug|Any CPU
		{3CD49134-B28F-5F05-E7A9-E20F4DFEBD99}.Release|Any CPU.ActiveCfg = Release|Any CPU
		{3CD49134-B28F-5F05-E7A9-E20F4DFEBD99}.Release|Any CPU.Build.0 = Release|Any CPU
	EndGlobalSection
	GlobalSection(SolutionProperties) = preSolution
		HideSolutionNode = FALSE
	EndGlobalSection
	GlobalSection(MonoDevelopProperties) = preSolution
		StartupItem = Assembly-CSharp.csproj
	EndGlobalSection
EndGlobal
